
Microsoft Visual Studio Solution File, Format Version 12.00
# Visual Studio 14
VisualStudioVersion = 14.0.23107.0
MinimumVisualStudioVersion = 10.0.40219.1
Project("{2150E333-8FDC-42A3-9474-1A3956D46DE8}") = ".nuget", ".nuget", "{D9DABFED-58AB-43FB-AA08-2C607060C891}"
	ProjectSection(SolutionItems) = preProject
		.nuget\NuGet.Config = .nuget\NuGet.Config
		.nuget\NuGet.exe = .nuget\NuGet.exe
		.nuget\NuGet.targets = .nuget\NuGet.targets
	EndProjectSection
EndProject
Project("{2150E333-8FDC-42A3-9474-1A3956D46DE8}") = "Tests", "Tests", "{4E833B0F-C7CB-425C-913D-13ED833B9F5A}"
EndProject
Project("{2150E333-8FDC-42A3-9474-1A3956D46DE8}") = "Solution Items", "Solution Items", "{4EA85125-3AB6-469B-968D-7F7CC9EE310E}"
	ProjectSection(SolutionItems) = preProject
		AssemblyInfo.General.cs = AssemblyInfo.General.cs
		AssemblyVersion.cs.template = AssemblyVersion.cs.template
	EndProjectSection
EndProject
Project("{FAE04EC0-301F-11D3-BF4B-00C04F79EFBC}") = "GraphLabs.Site", "GraphLabs.Site\GraphLabs.Site.csproj", "{FDCAC246-E496-43CC-B881-19AC692FE96E}"
EndProject
Project("{FAE04EC0-301F-11D3-BF4B-00C04F79EFBC}") = "GraphLabs.DomainModel.EF", "GraphLabs.DomainModel.EF\GraphLabs.DomainModel.EF.csproj", "{26EDA5F7-25A8-4C27-ACC2-19BD238DF672}"
EndProject
Project("{FAE04EC0-301F-11D3-BF4B-00C04F79EFBC}") = "GraphLabs.Tests.DomainModel", "GraphLabs.Tests.DomainModel\GraphLabs.Tests.DomainModel.csproj", "{EE5BF057-1DB5-44FC-AA1C-967DA88EC2B2}"
EndProject
Project("{FAE04EC0-301F-11D3-BF4B-00C04F79EFBC}") = "GraphLabs.WcfServices", "GraphLabs.WcfServices\GraphLabs.WcfServices.csproj", "{2B682AB7-8258-490E-9361-224C12AD1212}"
EndProject
Project("{FAE04EC0-301F-11D3-BF4B-00C04F79EFBC}") = "GraphLabs.Site.Logic", "GraphLabs.Site.Logic\GraphLabs.Site.Logic.csproj", "{10122BC1-5AAD-4278-8803-B4B8D1449410}"
EndProject
Project("{FAE04EC0-301F-11D3-BF4B-00C04F79EFBC}") = "GraphLabs.Tests.Site.Logic", "GraphLabs.Tests.Site.Logic\GraphLabs.Tests.Site.Logic.csproj", "{BE55A060-0224-4F6A-B05F-B06BEC346CA9}"
EndProject
Project("{FAE04EC0-301F-11D3-BF4B-00C04F79EFBC}") = "GraphLabs.Site.Utils", "GraphLabs.Utils\GraphLabs.Site.Utils.csproj", "{BD1F9046-594D-4AEF-882B-E3F08DE56B36}"
EndProject
Project("{FAE04EC0-301F-11D3-BF4B-00C04F79EFBC}") = "GraphLabs.Tests.Utils", "GraphLabs.Tests.Utils\GraphLabs.Tests.Utils.csproj", "{B16B7D30-A083-404C-8298-1C3BBF586D02}"
EndProject
Project("{FAE04EC0-301F-11D3-BF4B-00C04F79EFBC}") = "GraphLabs.DomainModel", "GraphLabs.DomainModel\GraphLabs.DomainModel.csproj", "{3E515720-D0A1-4B01-A3E0-C82412B2D663}"
EndProject
Global
	GlobalSection(SolutionConfigurationPlatforms) = preSolution
		Debug|Any CPU = Debug|Any CPU
		Release|Any CPU = Release|Any CPU
	EndGlobalSection
	GlobalSection(ProjectConfigurationPlatforms) = postSolution
		{FDCAC246-E496-43CC-B881-19AC692FE96E}.Debug|Any CPU.ActiveCfg = Debug|Any CPU
		{FDCAC246-E496-43CC-B881-19AC692FE96E}.Debug|Any CPU.Build.0 = Debug|Any CPU
		{FDCAC246-E496-43CC-B881-19AC692FE96E}.Release|Any CPU.ActiveCfg = Release|Any CPU
		{FDCAC246-E496-43CC-B881-19AC692FE96E}.Release|Any CPU.Build.0 = Release|Any CPU
		{26EDA5F7-25A8-4C27-ACC2-19BD238DF672}.Debug|Any CPU.ActiveCfg = Debug|Any CPU
		{26EDA5F7-25A8-4C27-ACC2-19BD238DF672}.Debug|Any CPU.Build.0 = Debug|Any CPU
		{26EDA5F7-25A8-4C27-ACC2-19BD238DF672}.Release|Any CPU.ActiveCfg = Release|Any CPU
		{26EDA5F7-25A8-4C27-ACC2-19BD238DF672}.Release|Any CPU.Build.0 = Release|Any CPU
		{EE5BF057-1DB5-44FC-AA1C-967DA88EC2B2}.Debug|Any CPU.ActiveCfg = Debug|Any CPU
		{EE5BF057-1DB5-44FC-AA1C-967DA88EC2B2}.Debug|Any CPU.Build.0 = Debug|Any CPU
		{EE5BF057-1DB5-44FC-AA1C-967DA88EC2B2}.Release|Any CPU.ActiveCfg = Release|Any CPU
		{EE5BF057-1DB5-44FC-AA1C-967DA88EC2B2}.Release|Any CPU.Build.0 = Release|Any CPU
		{2B682AB7-8258-490E-9361-224C12AD1212}.Debug|Any CPU.ActiveCfg = Debug|Any CPU
		{2B682AB7-8258-490E-9361-224C12AD1212}.Debug|Any CPU.Build.0 = Debug|Any CPU
		{2B682AB7-8258-490E-9361-224C12AD1212}.Release|Any CPU.ActiveCfg = Release|Any CPU
		{2B682AB7-8258-490E-9361-224C12AD1212}.Release|Any CPU.Build.0 = Release|Any CPU
		{10122BC1-5AAD-4278-8803-B4B8D1449410}.Debug|Any CPU.ActiveCfg = Debug|Any CPU
		{10122BC1-5AAD-4278-8803-B4B8D1449410}.Debug|Any CPU.Build.0 = Debug|Any CPU
		{10122BC1-5AAD-4278-8803-B4B8D1449410}.Release|Any CPU.ActiveCfg = Release|Any CPU
		{10122BC1-5AAD-4278-8803-B4B8D1449410}.Release|Any CPU.Build.0 = Release|Any CPU
		{BE55A060-0224-4F6A-B05F-B06BEC346CA9}.Debug|Any CPU.ActiveCfg = Debug|Any CPU
		{BE55A060-0224-4F6A-B05F-B06BEC346CA9}.Debug|Any CPU.Build.0 = Debug|Any CPU
		{BE55A060-0224-4F6A-B05F-B06BEC346CA9}.Release|Any CPU.ActiveCfg = Release|Any CPU
		{BE55A060-0224-4F6A-B05F-B06BEC346CA9}.Release|Any CPU.Build.0 = Release|Any CPU
		{BD1F9046-594D-4AEF-882B-E3F08DE56B36}.Debug|Any CPU.ActiveCfg = Debug|Any CPU
		{BD1F9046-594D-4AEF-882B-E3F08DE56B36}.Debug|Any CPU.Build.0 = Debug|Any CPU
		{BD1F9046-594D-4AEF-882B-E3F08DE56B36}.Release|Any CPU.ActiveCfg = Release|Any CPU
		{BD1F9046-594D-4AEF-882B-E3F08DE56B36}.Release|Any CPU.Build.0 = Release|Any CPU
		{B16B7D30-A083-404C-8298-1C3BBF586D02}.Debug|Any CPU.ActiveCfg = Debug|Any CPU
		{B16B7D30-A083-404C-8298-1C3BBF586D02}.Debug|Any CPU.Build.0 = Debug|Any CPU
		{B16B7D30-A083-404C-8298-1C3BBF586D02}.Release|Any CPU.ActiveCfg = Release|Any CPU
		{B16B7D30-A083-404C-8298-1C3BBF586D02}.Release|Any CPU.Build.0 = Release|Any CPU
		{3E515720-D0A1-4B01-A3E0-C82412B2D663}.Debug|Any CPU.ActiveCfg = Debug|Any CPU
		{3E515720-D0A1-4B01-A3E0-C82412B2D663}.Debug|Any CPU.Build.0 = Debug|Any CPU
		{3E515720-D0A1-4B01-A3E0-C82412B2D663}.Release|Any CPU.ActiveCfg = Release|Any CPU
		{3E515720-D0A1-4B01-A3E0-C82412B2D663}.Release|Any CPU.Build.0 = Release|Any CPU
	EndGlobalSection
	GlobalSection(SolutionProperties) = preSolution
		HideSolutionNode = FALSE
	EndGlobalSection
	GlobalSection(NestedProjects) = preSolution
		{EE5BF057-1DB5-44FC-AA1C-967DA88EC2B2} = {4E833B0F-C7CB-425C-913D-13ED833B9F5A}
		{BE55A060-0224-4F6A-B05F-B06BEC346CA9} = {4E833B0F-C7CB-425C-913D-13ED833B9F5A}
		{B16B7D30-A083-404C-8298-1C3BBF586D02} = {4E833B0F-C7CB-425C-913D-13ED833B9F5A}
	EndGlobalSection
EndGlobal
